
Microsoft Visual Studio Solution File, Format Version 12.00
# Visual Studio Version 16
VisualStudioVersion = 16.0.29709.97
MinimumVisualStudioVersion = 10.0.40219.1
Project("{FAE04EC0-301F-11D3-BF4B-00C04F79EFBC}") = "BandApi", "BandApi\BandApi.csproj", "{83033683-33F1-41F7-B0E9-7777AE57C7EA}"
EndProject
Global
	GlobalSection(SolutionConfigurationPlatforms) = preSolution
		Debug|Any CPU = Debug|Any CPU
		Release|Any CPU = Release|Any CPU
	EndGlobalSection
	GlobalSection(ProjectConfigurationPlatforms) = postSolution
		{83033683-33F1-41F7-B0E9-7777AE57C7EA}.Debug|Any CPU.ActiveCfg = Debug|Any CPU
		{83033683-33F1-41F7-B0E9-7777AE57C7EA}.Debug|Any CPU.Build.0 = Debug|Any CPU
		{83033683-33F1-41F7-B0E9-7777AE57C7EA}.Release|Any CPU.ActiveCfg = Release|Any CPU
		{83033683-33F1-41F7-B0E9-7777AE57C7EA}.Release|Any CPU.Build.0 = Release|Any CPU
	EndGlobalSection
	GlobalSection(SolutionProperties) = preSolution
		HideSolutionNode = FALSE
	EndGlobalSection
	GlobalSection(ExtensibilityGlobals) = postSolution
		SolutionGuid = {A8BAF317-075D-45C2-9B75-51C1ABEDA016}
	EndGlobalSection
EndGlobal
